
Microsoft Visual Studio Solution File, Format Version 12.00
# Visual Studio Version 16
VisualStudioVersion = 16.0.30611.23
MinimumVisualStudioVersion = 10.0.40219.1
Project("{9A19103F-16F7-4668-BE54-9A1E7A4F7556}") = "Hubee.Validation.Sdk", "src\Hubee.Validation.Sdk\Hubee.Validation.Sdk.csproj", "{957C3F73-2F83-4477-B37D-096B2903772B}"
EndProject
Project("{FAE04EC0-301F-11D3-BF4B-00C04F79EFBC}") = "Hubee.Validation.Sdk.Tests", "tests\Hubee.Validation.Sdk.Tests\Hubee.Validation.Sdk.Tests.csproj", "{8FF79835-46D1-4DB2-A7F4-56934B537C42}"
EndProject
Global
	GlobalSection(SolutionConfigurationPlatforms) = preSolution
		Debug|Any CPU = Debug|Any CPU
		Release|Any CPU = Release|Any CPU
	EndGlobalSection
	GlobalSection(ProjectConfigurationPlatforms) = postSolution
		{957C3F73-2F83-4477-B37D-096B2903772B}.Debug|Any CPU.ActiveCfg = Debug|Any CPU
		{957C3F73-2F83-4477-B37D-096B2903772B}.Debug|Any CPU.Build.0 = Debug|Any CPU
		{957C3F73-2F83-4477-B37D-096B2903772B}.Release|Any CPU.ActiveCfg = Release|Any CPU
		{957C3F73-2F83-4477-B37D-096B2903772B}.Release|Any CPU.Build.0 = Release|Any CPU
		{8FF79835-46D1-4DB2-A7F4-56934B537C42}.Debug|Any CPU.ActiveCfg = Debug|Any CPU
		{8FF79835-46D1-4DB2-A7F4-56934B537C42}.Debug|Any CPU.Build.0 = Debug|Any CPU
		{8FF79835-46D1-4DB2-A7F4-56934B537C42}.Release|Any CPU.ActiveCfg = Release|Any CPU
		{8FF79835-46D1-4DB2-A7F4-56934B537C42}.Release|Any CPU.Build.0 = Release|Any CPU
	EndGlobalSection
	GlobalSection(SolutionProperties) = preSolution
		HideSolutionNode = FALSE
	EndGlobalSection
	GlobalSection(ExtensibilityGlobals) = postSolution
		SolutionGuid = {007E50D4-440F-4100-99F9-154F1F2A21F5}
	EndGlobalSection
EndGlobal
